
Microsoft Visual Studio Solution File, Format Version 12.00
# Visual Studio 15
VisualStudioVersion = 15.0.28010.2036
MinimumVisualStudioVersion = 10.0.40219.1
Project("{FAE04EC0-301F-11D3-BF4B-00C04F79EFBC}") = "Paranthesis", "Paranthesis\Paranthesis.csproj", "{57880DF0-4CAB-4208-9DCE-0692242B5834}"
EndProject
Global
	GlobalSection(SolutionConfigurationPlatforms) = preSolution
		Debug|Any CPU = Debug|Any CPU
		Release|Any CPU = Release|Any CPU
	EndGlobalSection
	GlobalSection(ProjectConfigurationPlatforms) = postSolution
		{57880DF0-4CAB-4208-9DCE-0692242B5834}.Debug|Any CPU.ActiveCfg = Debug|Any CPU
		{57880DF0-4CAB-4208-9DCE-0692242B5834}.Debug|Any CPU.Build.0 = Debug|Any CPU
		{57880DF0-4CAB-4208-9DCE-0692242B5834}.Release|Any CPU.ActiveCfg = Release|Any CPU
		{57880DF0-4CAB-4208-9DCE-0692242B5834}.Release|Any CPU.Build.0 = Release|Any CPU
	EndGlobalSection
	GlobalSection(SolutionProperties) = preSolution
		HideSolutionNode = FALSE
	EndGlobalSection
	GlobalSection(ExtensibilityGlobals) = postSolution
		SolutionGuid = {39BDB1AC-A1A6-4913-BDE3-08E2347033F4}
	EndGlobalSection
EndGlobal
